
Microsoft Visual Studio Solution File, Format Version 12.00
# Visual Studio Version 17
VisualStudioVersion = 17.3.32811.315
MinimumVisualStudioVersion = 10.0.40219.1
Project("{FAE04EC0-301F-11D3-BF4B-00C04F79EFBC}") = "Maker", "Maker\Maker.csproj", "{59070212-99D4-42F9-849E-AE0995990652}"
EndProject
Global
	GlobalSection(SolutionConfigurationPlatforms) = preSolution
		Debug|Any CPU = Debug|Any CPU
		Release|Any CPU = Release|Any CPU
	EndGlobalSection
	GlobalSection(ProjectConfigurationPlatforms) = postSolution
		{59070212-99D4-42F9-849E-AE0995990652}.Debug|Any CPU.ActiveCfg = Debug|Any CPU
		{59070212-99D4-42F9-849E-AE0995990652}.Debug|Any CPU.Build.0 = Debug|Any CPU
		{59070212-99D4-42F9-849E-AE0995990652}.Release|Any CPU.ActiveCfg = Release|Any CPU
		{59070212-99D4-42F9-849E-AE0995990652}.Release|Any CPU.Build.0 = Release|Any CPU
	EndGlobalSection
	GlobalSection(SolutionProperties) = preSolution
		HideSolutionNode = FALSE
	EndGlobalSection
	GlobalSection(ExtensibilityGlobals) = postSolution
		SolutionGuid = {82E51869-5416-4B09-9F9C-091D8F676EB0}
	EndGlobalSection
EndGlobal
